
Microsoft Visual Studio Solution File, Format Version 12.00
# Visual Studio Version 16
VisualStudioVersion = 16.0.31205.134
MinimumVisualStudioVersion = 10.0.40219.1
Project("{FAE04EC0-301F-11D3-BF4B-00C04F79EFBC}") = "WpfApp1", "WpfApp1\WpfApp1.csproj", "{7D1A0869-F49A-4993-9801-A03B50F81C36}"
EndProject
Global
	GlobalSection(SolutionConfigurationPlatforms) = preSolution
		Debug|Any CPU = Debug|Any CPU
		Release|Any CPU = Release|Any CPU
	EndGlobalSection
	GlobalSection(ProjectConfigurationPlatforms) = postSolution
		{7D1A0869-F49A-4993-9801-A03B50F81C36}.Debug|Any CPU.ActiveCfg = Debug|Any CPU
		{7D1A0869-F49A-4993-9801-A03B50F81C36}.Debug|Any CPU.Build.0 = Debug|Any CPU
		{7D1A0869-F49A-4993-9801-A03B50F81C36}.Release|Any CPU.ActiveCfg = Release|Any CPU
		{7D1A0869-F49A-4993-9801-A03B50F81C36}.Release|Any CPU.Build.0 = Release|Any CPU
	EndGlobalSection
	GlobalSection(SolutionProperties) = preSolution
		HideSolutionNode = FALSE
	EndGlobalSection
	GlobalSection(ExtensibilityGlobals) = postSolution
		SolutionGuid = {4350BEE2-97A4-4EC5-8B1D-512CE817249A}
	EndGlobalSection
EndGlobal
